
Microsoft Visual Studio Solution File, Format Version 12.00
# Visual Studio Version 16
VisualStudioVersion = 16.0.29509.3
MinimumVisualStudioVersion = 10.0.40219.1
Project("{FAE04EC0-301F-11D3-BF4B-00C04F79EFBC}") = "ChargeCabinetApp", "ChargeCabinetApp\ChargeCabinetApp.csproj", "{675BE8B3-7913-4BE7-8267-F10EA3CA65EC}"
EndProject
Project("{FAE04EC0-301F-11D3-BF4B-00C04F79EFBC}") = "ChargeCabinetLibrary", "ChargeCabinetLibrary\ChargeCabinetLibrary.csproj", "{EEFCDCFE-40D7-4286-B3B1-E198FD0A3588}"
EndProject
Project("{FAE04EC0-301F-11D3-BF4B-00C04F79EFBC}") = "ChargeCabinet.Test.Unit", "ChargeCabinet.Test.Unit\ChargeCabinet.Test.Unit.csproj", "{CDEC6DBF-62DC-4364-A08F-17B38F3CE265}"
EndProject
Global
	GlobalSection(SolutionConfigurationPlatforms) = preSolution
		Debug|Any CPU = Debug|Any CPU
		Release|Any CPU = Release|Any CPU
	EndGlobalSection
	GlobalSection(ProjectConfigurationPlatforms) = postSolution
		{675BE8B3-7913-4BE7-8267-F10EA3CA65EC}.Debug|Any CPU.ActiveCfg = Debug|Any CPU
		{675BE8B3-7913-4BE7-8267-F10EA3CA65EC}.Debug|Any CPU.Build.0 = Debug|Any CPU
		{675BE8B3-7913-4BE7-8267-F10EA3CA65EC}.Release|Any CPU.ActiveCfg = Release|Any CPU
		{675BE8B3-7913-4BE7-8267-F10EA3CA65EC}.Release|Any CPU.Build.0 = Release|Any CPU
		{EEFCDCFE-40D7-4286-B3B1-E198FD0A3588}.Debug|Any CPU.ActiveCfg = Debug|Any CPU
		{EEFCDCFE-40D7-4286-B3B1-E198FD0A3588}.Debug|Any CPU.Build.0 = Debug|Any CPU
		{EEFCDCFE-40D7-4286-B3B1-E198FD0A3588}.Release|Any CPU.ActiveCfg = Release|Any CPU
		{EEFCDCFE-40D7-4286-B3B1-E198FD0A3588}.Release|Any CPU.Build.0 = Release|Any CPU
		{CDEC6DBF-62DC-4364-A08F-17B38F3CE265}.Debug|Any CPU.ActiveCfg = Debug|Any CPU
		{CDEC6DBF-62DC-4364-A08F-17B38F3CE265}.Debug|Any CPU.Build.0 = Debug|Any CPU
		{CDEC6DBF-62DC-4364-A08F-17B38F3CE265}.Release|Any CPU.ActiveCfg = Release|Any CPU
		{CDEC6DBF-62DC-4364-A08F-17B38F3CE265}.Release|Any CPU.Build.0 = Release|Any CPU
	EndGlobalSection
	GlobalSection(SolutionProperties) = preSolution
		HideSolutionNode = FALSE
	EndGlobalSection
	GlobalSection(ExtensibilityGlobals) = postSolution
		SolutionGuid = {F29BE166-4860-406B-9522-65D1238ADDCE}
	EndGlobalSection
EndGlobal
